
Microsoft Visual Studio Solution File, Format Version 12.00
# Visual Studio Version 17
VisualStudioVersion = 17.0.32112.339
MinimumVisualStudioVersion = 10.0.40219.1
Project("{FAE04EC0-301F-11D3-BF4B-00C04F79EFBC}") = "DeliveryKing.ChatAPI", "DeliveryKing.ChatAPI\DeliveryKing.ChatAPI.csproj", "{4494A985-3069-4080-9D5C-9343C44F8140}"
EndProject
Global
	GlobalSection(SolutionConfigurationPlatforms) = preSolution
		Debug|Any CPU = Debug|Any CPU
		Release|Any CPU = Release|Any CPU
	EndGlobalSection
	GlobalSection(ProjectConfigurationPlatforms) = postSolution
		{4494A985-3069-4080-9D5C-9343C44F8140}.Debug|Any CPU.ActiveCfg = Debug|Any CPU
		{4494A985-3069-4080-9D5C-9343C44F8140}.Debug|Any CPU.Build.0 = Debug|Any CPU
		{4494A985-3069-4080-9D5C-9343C44F8140}.Release|Any CPU.ActiveCfg = Release|Any CPU
		{4494A985-3069-4080-9D5C-9343C44F8140}.Release|Any CPU.Build.0 = Release|Any CPU
	EndGlobalSection
	GlobalSection(SolutionProperties) = preSolution
		HideSolutionNode = FALSE
	EndGlobalSection
	GlobalSection(ExtensibilityGlobals) = postSolution
		SolutionGuid = {F1F7724A-B823-42F8-90D6-D745D3B55B54}
	EndGlobalSection
EndGlobal
